
Microsoft Visual Studio Solution File, Format Version 12.00
# Visual Studio Version 16
VisualStudioVersion = 16.0.28705.295
MinimumVisualStudioVersion = 15.0.26124.0
Project("{9A19103F-16F7-4668-BE54-9A1E7A4F7556}") = "CodeM.Common.Tools", "Library\CodeM.Common.Tools.csproj", "{78F13494-1128-4605-95A2-311D25B64904}"
EndProject
Project("{FAE04EC0-301F-11D3-BF4B-00C04F79EFBC}") = "UnitTest", "UnitTest\UnitTest.csproj", "{D4D9BDF0-FF18-456F-9F0D-B903C9F017C0}"
EndProject
Global
	GlobalSection(SolutionConfigurationPlatforms) = preSolution
		Debug|Any CPU = Debug|Any CPU
		Debug|x64 = Debug|x64
		Debug|x86 = Debug|x86
		Release|Any CPU = Release|Any CPU
		Release|x64 = Release|x64
		Release|x86 = Release|x86
	EndGlobalSection
	GlobalSection(ProjectConfigurationPlatforms) = postSolution
		{78F13494-1128-4605-95A2-311D25B64904}.Debug|Any CPU.ActiveCfg = Debug|Any CPU
		{78F13494-1128-4605-95A2-311D25B64904}.Debug|Any CPU.Build.0 = Debug|Any CPU
		{78F13494-1128-4605-95A2-311D25B64904}.Debug|x64.ActiveCfg = Debug|Any CPU
		{78F13494-1128-4605-95A2-311D25B64904}.Debug|x64.Build.0 = Debug|Any CPU
		{78F13494-1128-4605-95A2-311D25B64904}.Debug|x86.ActiveCfg = Debug|Any CPU
		{78F13494-1128-4605-95A2-311D25B64904}.Debug|x86.Build.0 = Debug|Any CPU
		{78F13494-1128-4605-95A2-311D25B64904}.Release|Any CPU.ActiveCfg = Release|Any CPU
		{78F13494-1128-4605-95A2-311D25B64904}.Release|Any CPU.Build.0 = Release|Any CPU
		{78F13494-1128-4605-95A2-311D25B64904}.Release|x64.ActiveCfg = Release|Any CPU
		{78F13494-1128-4605-95A2-311D25B64904}.Release|x64.Build.0 = Release|Any CPU
		{78F13494-1128-4605-95A2-311D25B64904}.Release|x86.ActiveCfg = Release|Any CPU
		{78F13494-1128-4605-95A2-311D25B64904}.Release|x86.Build.0 = Release|Any CPU
		{D4D9BDF0-FF18-456F-9F0D-B903C9F017C0}.Debug|Any CPU.ActiveCfg = Debug|Any CPU
		{D4D9BDF0-FF18-456F-9F0D-B903C9F017C0}.Debug|Any CPU.Build.0 = Debug|Any CPU
		{D4D9BDF0-FF18-456F-9F0D-B903C9F017C0}.Debug|x64.ActiveCfg = Debug|Any CPU
		{D4D9BDF0-FF18-456F-9F0D-B903C9F017C0}.Debug|x64.Build.0 = Debug|Any CPU
		{D4D9BDF0-FF18-456F-9F0D-B903C9F017C0}.Debug|x86.ActiveCfg = Debug|Any CPU
		{D4D9BDF0-FF18-456F-9F0D-B903C9F017C0}.Debug|x86.Build.0 = Debug|Any CPU
		{D4D9BDF0-FF18-456F-9F0D-B903C9F017C0}.Release|Any CPU.ActiveCfg = Release|Any CPU
		{D4D9BDF0-FF18-456F-9F0D-B903C9F017C0}.Release|Any CPU.Build.0 = Release|Any CPU
		{D4D9BDF0-FF18-456F-9F0D-B903C9F017C0}.Release|x64.ActiveCfg = Release|Any CPU
		{D4D9BDF0-FF18-456F-9F0D-B903C9F017C0}.Release|x64.Build.0 = Release|Any CPU
		{D4D9BDF0-FF18-456F-9F0D-B903C9F017C0}.Release|x86.ActiveCfg = Release|Any CPU
		{D4D9BDF0-FF18-456F-9F0D-B903C9F017C0}.Release|x86.Build.0 = Release|Any CPU
	EndGlobalSection
	GlobalSection(SolutionProperties) = preSolution
		HideSolutionNode = FALSE
	EndGlobalSection
	GlobalSection(ExtensibilityGlobals) = postSolution
		SolutionGuid = {137BD46E-2279-41CB-9EDB-0A467A89BDF4}
	EndGlobalSection
EndGlobal
